107457
/home/michaljaniec/.jdks/temurin-25.0.3/bin/java -XX:TieredStopAtLevel=1 -cp /home/michaljaniec/Projects/live-music-quiz/target/classes:/home/michaljaniec/.m2/repository/com/vaadin/vaadin-core/25.0.2/vaadin-core-25.0.2.jar:/home/michaljaniec/.m2/repository/com/vaadin/vaadin-core-internal/25.0.2/vaadin-core-internal-25.0.2.jar:/home/michaljaniec/.m2/repository/com/vaadin/flow-server/25.0.3/flow-server-25.0.3.jar:/home/michaljaniec/.m2/repository/com/vaadin/signals/25.0.3/signals-25.0.3.jar:/home/michaljaniec/.m2/repository/tools/jackson/core/jackson-core/3.0.3/jackson-core-3.0.3.jar:/home/michaljaniec/.m2/repository/tools/jackson/core/jackson-databind/3.0.3/jackson-databind-3.0.3.jar:/home/michaljaniec/.m2/repository/org/jsoup/jsoup/1.21.2/jsoup-1.21.2.jar:/home/michaljaniec/.m2/repository/org/ow2/asm/asm/9.9.1/asm-9.9.1.jar:/home/michaljaniec/.m2/repository/com/vaadin/external/gentyref/1.2.0.vaadin1/gentyref-1.2.0.vaadin1.jar:/home/michaljaniec/.m2/repository/com/vaadin/flow-lit-template/25.0.3/flow-lit-template-25.0.3.jar:/home/michaljaniec/.m2/repository/com/vaadin/flow-react/25.0.3/flow-react-25.0.3.jar:/home/michaljaniec/.m2/repository/com/vaadin/flow-push/25.0.3/flow-push-25.0.3.jar:/home/michaljaniec/.m2/repository/com/vaadin/external/atmosphere/atmosphere-runtime/3.0.5.slf4jvaadin1/atmosphere-runtime-3.0.5.slf4jvaadin1.jar:/home/michaljaniec/.m2/repository/com/vaadin/flow-client/25.0.3/flow-client-25.0.3.jar:/home/michaljaniec/.m2/repository/com/vaadin/flow-html-components/25.0.3/flow-html-components-25.0.3.jar:/home/michaljaniec/.m2/repository/com/vaadin/flow-data/25.0.3/flow-data-25.0.3.jar:/home/michaljaniec/.m2/repository/com/vaadin/flow-dnd/25.0.3/flow-dnd-25.0.3.jar:/home/michaljaniec/.m2/repository/com/vaadin/vaadin-lumo-theme/25.0.2/vaadin-lumo-theme-25.0.2.jar:/home/michaljaniec/.m2/repository/com/vaadin/vaadin-icons-flow/25.0.2/vaadin-icons-flow-25.0.2.jar:/home/michaljaniec/.m2/repository/com/vaadin/vaadin-flow-components-base/25.0.2/vaadin-flow-components-base-25.0.2.jar:/home/michaljaniec/.m2/repository/com/vaadin/vaadin-aura-theme/25.0.2/vaadin-aura-theme-25.0.2.jar:/home/michaljaniec/.m2/repository/com/vaadin/vaadin-core-components/25.0.2/vaadin-core-components-25.0.2.jar:/home/michaljaniec/.m2/repository/com/vaadin/vaadin-accordion-flow/25.0.2/vaadin-accordion-flow-25.0.2.jar:/home/michaljaniec/.m2/repository/com/vaadin/vaadin-avatar-flow/25.0.2/vaadin-avatar-flow-25.0.2.jar:/home/michaljaniec/.m2/repository/com/vaadin/vaadin-button-flow/25.0.2/vaadin-button-flow-25.0.2.jar:/home/michaljaniec/.m2/repository/com/vaadin/vaadin-card-flow/25.0.2/vaadin-card-flow-25.0.2.jar:/home/michaljaniec/.m2/repository/com/vaadin/vaadin-checkbox-flow/25.0.2/vaadin-checkbox-flow-25.0.2.jar:/home/michaljaniec/.m2/repository/com/vaadin/vaadin-combo-box-flow/25.0.2/vaadin-combo-box-flow-25.0.2.jar:/home/michaljaniec/.m2/repository/com/vaadin/vaadin-confirm-dialog-flow/25.0.2/vaadin-confirm-dialog-flow-25.0.2.jar:/home/michaljaniec/.m2/repository/com/vaadin/vaadin-custom-field-flow/25.0.2/vaadin-custom-field-flow-25.0.2.jar:/home/michaljaniec/.m2/repository/com/vaadin/vaadin-date-picker-flow/25.0.2/vaadin-date-picker-flow-25.0.2.jar:/home/michaljaniec/.m2/repository/com/vaadin/vaadin-date-time-picker-flow/25.0.2/vaadin-date-time-picker-flow-25.0.2.jar:/home/michaljaniec/.m2/repository/com/vaadin/vaadin-details-flow/25.0.2/vaadin-details-flow-25.0.2.jar:/home/michaljaniec/.m2/repository/com/vaadin/vaadin-time-picker-flow/25.0.2/vaadin-time-picker-flow-25.0.2.jar:/home/michaljaniec/.m2/repository/com/vaadin/vaadin-select-flow/25.0.2/vaadin-select-flow-25.0.2.jar:/home/michaljaniec/.m2/repository/com/vaadin/vaadin-side-nav-flow/25.0.2/vaadin-side-nav-flow-25.0.2.jar:/home/michaljaniec/.m2/repository/com/vaadin/vaadin-dialog-flow/25.0.2/vaadin-dialog-flow-25.0.2.jar:/home/michaljaniec/.m2/repository/com/vaadin/vaadin-form-layout-flow/25.0.2/vaadin-form-layout-flow-25.0.2.jar:/home/michaljaniec/.m2/repository/com/vaadin/vaadin-field-highlighter-flow/25.0.2/vaadin-field-highlighter-flow-25.0.2.jar:/home/michaljaniec/.m2/repos
